
Microsoft Visual Studio Solution File, Format Version 12.00
# Visual Studio 15
VisualStudioVersion = 15.0.28307.779
MinimumVisualStudioVersion = 10.0.40219.1
Project("{9A19103F-16F7-4668-BE54-9A1E7A4F7556}") = "SellbriteAccess", "SellbriteAccess\SellbriteAccess.csproj", "{2C421C8C-9C1D-42E5-A875-A8DDC8D7796F}"
EndProject
Project("{FAE04EC0-301F-11D3-BF4B-00C04F79EFBC}") = "SellbriteAccessTests", "SellbriteAccessTests\SellbriteAccessTests.csproj", "{FFB7A571-F17D-4AC9-83CC-0926CBB381FC}"
EndProject
Global
	GlobalSection(SolutionConfigurationPlatforms) = preSolution
		Debug|Any CPU = Debug|Any CPU
		Release|Any CPU = Release|Any CPU
	EndGlobalSection
	GlobalSection(ProjectConfigurationPlatforms) = postSolution
		{2C421C8C-9C1D-42E5-A875-A8DDC8D7796F}.Debug|Any CPU.ActiveCfg = Debug|Any CPU
		{2C421C8C-9C1D-42E5-A875-A8DDC8D7796F}.Debug|Any CPU.Build.0 = Debug|Any CPU
		{2C421C8C-9C1D-42E5-A875-A8DDC8D7796F}.Release|Any CPU.ActiveCfg = Release|Any CPU
		{2C421C8C-9C1D-42E5-A875-A8DDC8D7796F}.Release|Any CPU.Build.0 = Release|Any CPU
		{FFB7A571-F17D-4AC9-83CC-0926CBB381FC}.Debug|Any CPU.ActiveCfg = Debug|Any CPU
		{FFB7A571-F17D-4AC9-83CC-0926CBB381FC}.Debug|Any CPU.Build.0 = Debug|Any CPU
		{FFB7A571-F17D-4AC9-83CC-0926CBB381FC}.Release|Any CPU.ActiveCfg = Release|Any CPU
		{FFB7A571-F17D-4AC9-83CC-0926CBB381FC}.Release|Any CPU.Build.0 = Release|Any CPU
	EndGlobalSection
	GlobalSection(SolutionProperties) = preSolution
		HideSolutionNode = FALSE
	EndGlobalSection
	GlobalSection(ExtensibilityGlobals) = postSolution
		SolutionGuid = {10FDE0F4-1BA9-444B-B941-09DF79D0A3EE}
	EndGlobalSection
EndGlobal
